
Microsoft Visual Studio Solution File, Format Version 12.00
# Visual Studio Version 16
VisualStudioVersion = 16.0.30309.148
MinimumVisualStudioVersion = 10.0.40219.1
Project("{FAE04EC0-301F-11D3-BF4B-00C04F79EFBC}") = "SuperHero", "SuperHero\SuperHero.csproj", "{F3248206-87F5-493D-B0B7-54AB2F6BAC63}"
EndProject
Global
	GlobalSection(SolutionConfigurationPlatforms) = preSolution
		Debug|Any CPU = Debug|Any CPU
		Release|Any CPU = Release|Any CPU
	EndGlobalSection
	GlobalSection(ProjectConfigurationPlatforms) = postSolution
		{F3248206-87F5-493D-B0B7-54AB2F6BAC63}.Debug|Any CPU.ActiveCfg = Debug|Any CPU
		{F3248206-87F5-493D-B0B7-54AB2F6BAC63}.Debug|Any CPU.Build.0 = Debug|Any CPU
		{F3248206-87F5-493D-B0B7-54AB2F6BAC63}.Release|Any CPU.ActiveCfg = Release|Any CPU
		{F3248206-87F5-493D-B0B7-54AB2F6BAC63}.Release|Any CPU.Build.0 = Release|Any CPU
	EndGlobalSection
	GlobalSection(SolutionProperties) = preSolution
		HideSolutionNode = FALSE
	EndGlobalSection
	GlobalSection(ExtensibilityGlobals) = postSolution
		SolutionGuid = {C4A070F1-4A35-454C-83B3-E90B7ECBF185}
	EndGlobalSection
EndGlobal
